
Microsoft Visual Studio Solution File, Format Version 12.00
# Visual Studio Version 16
VisualStudioVersion = 16.0.31729.503
MinimumVisualStudioVersion = 10.0.40219.1
Project("{FAE04EC0-301F-11D3-BF4B-00C04F79EFBC}") = "WebApplication6", "WebApplication6\WebApplication6.csproj", "{ECD6577B-5482-4FA2-B0A5-2677148C018E}"
EndProject
Global
	GlobalSection(SolutionConfigurationPlatforms) = preSolution
		Debug|Any CPU = Debug|Any CPU
		Release|Any CPU = Release|Any CPU
	EndGlobalSection
	GlobalSection(ProjectConfigurationPlatforms) = postSolution
		{ECD6577B-5482-4FA2-B0A5-2677148C018E}.Debug|Any CPU.ActiveCfg = Debug|Any CPU
		{ECD6577B-5482-4FA2-B0A5-2677148C018E}.Debug|Any CPU.Build.0 = Debug|Any CPU
		{ECD6577B-5482-4FA2-B0A5-2677148C018E}.Release|Any CPU.ActiveCfg = Release|Any CPU
		{ECD6577B-5482-4FA2-B0A5-2677148C018E}.Release|Any CPU.Build.0 = Release|Any CPU
	EndGlobalSection
	GlobalSection(SolutionProperties) = preSolution
		HideSolutionNode = FALSE
	EndGlobalSection
	GlobalSection(ExtensibilityGlobals) = postSolution
		SolutionGuid = {530576CE-0A23-43E1-AB8E-9B667C88598C}
	EndGlobalSection
EndGlobal
